
Microsoft Visual Studio Solution File, Format Version 12.00
# Visual Studio 15
VisualStudioVersion = 15.0.27130.2010
MinimumVisualStudioVersion = 10.0.40219.1
Project("{FAE04EC0-301F-11D3-BF4B-00C04F79EFBC}") = "ProjectWeb", "ProjectWeb\ProjectWeb.csproj", "{249C915D-D992-4368-BBB3-D745F05281AB}"
EndProject
Global
	GlobalSection(SolutionConfigurationPlatforms) = preSolution
		Debug|Any CPU = Debug|Any CPU
		Release|Any CPU = Release|Any CPU
	EndGlobalSection
	GlobalSection(ProjectConfigurationPlatforms) = postSolution
		{249C915D-D992-4368-BBB3-D745F05281AB}.Debug|Any CPU.ActiveCfg = Debug|Any CPU
		{249C915D-D992-4368-BBB3-D745F05281AB}.Debug|Any CPU.Build.0 = Debug|Any CPU
		{249C915D-D992-4368-BBB3-D745F05281AB}.Release|Any CPU.ActiveCfg = Release|Any CPU
		{249C915D-D992-4368-BBB3-D745F05281AB}.Release|Any CPU.Build.0 = Release|Any CPU
	EndGlobalSection
	GlobalSection(SolutionProperties) = preSolution
		HideSolutionNode = FALSE
	EndGlobalSection
	GlobalSection(ExtensibilityGlobals) = postSolution
		SolutionGuid = {F9DEB870-15DB-4184-A199-603BEEB12350}
	EndGlobalSection
EndGlobal
